github.com/alrs/phonetic v0.0.0-20230214213106-5291957b282b h1:MZC+sH0+ltZIG2010CNXSdOA/jTlZcylJFBZ9b3CKWU=
github.com/alrs/phonetic v0.0.0-20230214213106-5291957b282b/go.mod h1:LZLa5nozeS9w58x1K+jAZK7uLGiOIqGRNSnKagILRVs=
github.com/davecgh/go-spew v1.1.1 h1:vj9j/u1bqnvCEfJOwUhtlOARqs3+rkHYY13jYWTU97c=
github.com/davecgh/go-spew v1.1.1/go.mod h1:J7Y8YcW2NihsgmVo/mv3lAwl/skON4iLHjSsI+c5H38=
